# This file is autogenerated, do not edit; changes may be undone by the next 'dep ensure'.


[[projects]]
  branch = "travis-1.9"
  digest = "1:e8f5d9c09a7209c740e769713376abda388c41b777ba8e9ed52767e21acf379f"
  name = "github.com/golang/lint"
  packages = [
    ".",
    "golint",
  ]
  pruneopts = "UT"
  revision = "883fe33ffc4344bad1ecd881f61afd5ec5d80e0a"

[[projects]]
  branch = "master"
  digest = "1:89e34854f4513cb0c53ada9ba52e680b8b74a370b33b3a26800a4cdbc9f00ced"
  name = "github.com/jstemmer/go-junit-report"
  packages = [
    ".",
    "formatter",
    "parser",
  ]
  pruneopts = "UT"
  revision = "af01ea7f8024089b458d804d5cdf190f962a9a0c"

[[projects]]
  branch = "master"
  digest = "1:7bff42fbbef28d0ef60138c92cb3872cacb035133b3cfa39e3ff2c43f1fc332e"
  name = "github.com/wadey/gocovmerge"
  packages = ["."]
  pruneopts = "UT"
  revision = "b5bfa59ec0adc420475f97f89b58045c721d761c"

[[projects]]
  branch = "master"
  digest = "1:19aaec66b951c04f9b0043bb79ad2b5ce35cfd67da32c5ce07ed9b50fcedb0e2"
  name = "golang.org/x/tools"
  packages = [
    "cover",
    "go/ast/astutil",
    "go/gcexportdata",
    "go/internal/gcimporter",
    "go/types/typeutil",
  ]
  pruneopts = "UT"
  revision = "e250d351ecad161c4cf2f50bce18a1b2df5dfd78"

[solve-meta]
  analyzer-name = "dep"
  analyzer-version = 1
  input-imports = [
    "github.com/golang/lint/golint",
    "github.com/jstemmer/go-junit-report",
    "github.com/wadey/gocovmerge",
  ]
  solver-name = "gps-cdcl"
  solver-version = 1
